// !$*UTF8*$!
{
	archiveVersion = 1;
	classes = {
	};
	objectVersion = 52;
	objects = {

/* Begin PBXBuildFile section */
		554E5A4C26F41C32005D6701 /* TopSettingView.swift in Sources */ = {isa = PBXBuildFile; fileRef = 554E5A4B26F41C32005D6701 /* TopSettingView.swift */; };
		555E322526F88971004DB721 /* PartialSheet in Frameworks */ = {isa = PBXBuildFile; productRef = 555E322426F88971004DB721 /* PartialSheet */; };
		557D9E6626DFAE7400E34800 /* Memocho.xcdatamodeld in Sources */ = {isa = PBXBuildFile; fileRef = 557D9E6426DFAE7400E34800 /* Memocho.xcdatamodeld */; };
		55876B0826ED8A560060D335 /* Persistence.swift in Sources */ = {isa = PBXBuildFile; fileRef = 55876B0726ED8A560060D335 /* Persistence.swift */; };
		55876B0D26F01B1E0060D335 /* SubView.swift in Sources */ = {isa = PBXBuildFile; fileRef = 55876B0C26F01B1E0060D335 /* SubView.swift */; };
		55876B2326F175010060D335 /* Item+CoreDataClass.swift in Sources */ = {isa = PBXBuildFile; fileRef = 55876B2126F175010060D335 /* Item+CoreDataClass.swift */; };
		55876B2426F175010060D335 /* Item+CoreDataProperties.swift in Sources */ = {isa = PBXBuildFile; fileRef = 55876B2226F175010060D335 /* Item+CoreDataProperties.swift */; };
		5595780726D914AF0040A754 /* MemochoApp.swift in Sources */ = {isa = PBXBuildFile; fileRef = 5595780626D914AF0040A754 /* MemochoApp.swift */; };
		5595780926D914AF0040A754 /* ContentView.swift in Sources */ = {isa = PBXBuildFile; fileRef = 5595780826D914AF0040A754 /* ContentView.swift */; };
		5595780B26D914B00040A754 /* Assets.xcassets in Resources */ = {isa = PBXBuildFile; fileRef = 5595780A26D914B00040A754 /* Assets.xcassets */; };
		5595780E26D914B00040A754 /* Preview Assets.xcassets in Resources */ = {isa = PBXBuildFile; fileRef = 5595780D26D914B00040A754 /* Preview Assets.xcassets */; };
		5595781926D914B00040A754 /* MemochoTests.swift in Sources */ = {isa = PBXBuildFile; fileRef = 5595781826D914B00040A754 /* MemochoTests.swift */; };
		5595782426D914B00040A754 /* MemochoUITests.swift in Sources */ = {isa = PBXBuildFile; fileRef = 5595782326D914B00040A754 /* MemochoUITests.swift */; };
		5595783526D917E50040A754 /* MemoDetailView.swift in Sources */ = {isa = PBXBuildFile; fileRef = 5595783426D917E50040A754 /* MemoDetailView.swift */; };
/* End PBXBuildFile section */

/* Begin PBXContainerItemProxy section */
		5595781526D914B00040A754 /* PBXContainerItemProxy */ = {
			isa = PBXContainerItemProxy;
			containerPortal = 559577FB26D914AF0040A754 /* Project object */;
			proxyType = 1;
			remoteGlobalIDString = 5595780226D914AF0040A754;
			remoteInfo = Memocho;
		};
		5595782026D914B00040A754 /* PBXContainerItemProxy */ = {
			isa = PBXContainerItemProxy;
			containerPortal = 559577FB26D914AF0040A754 /* Project object */;
			proxyType = 1;
			remoteGlobalIDString = 5595780226D914AF0040A754;
			remoteInfo = Memocho;
		};
/* End PBXContainerItemProxy section */

/* Begin PBXFileReference section */
		554E5A4B26F41C32005D6701 /* TopSettingView.swift */ = {isa = PBXFileReference; lastKnownFileType = sourcecode.swift; path = TopSettingView.swift; sourceTree = "<group>"; };
		557D9E6526DFAE7400E34800 /* Memocho.xcdatamodel */ = {isa = PBXFileReference; lastKnownFileType = wrapper.xcdatamodel; path = Memocho.xcdatamodel; sourceTree = "<group>"; };
		55876B0726ED8A560060D335 /* Persistence.swift */ = {isa = PBXFileReference; lastKnownFileType = sourcecode.swift; path = Persistence.swift; sourceTree = "<group>"; };
		55876B0C26F01B1E0060D335 /* SubView.swift */ = {isa = PBXFileReference; lastKnownFileType = sourcecode.swift; path = SubView.swift; sourceTree = "<group>"; };
		55876B2126F175010060D335 /* Item+CoreDataClass.swift */ = {isa = PBXFileReference; lastKnownFileType = sourcecode.swift; path = "Item+CoreDataClass.swift"; sourceTree = "<group>"; };
		55876B2226F175010060D335 /* Item+CoreDataProperties.swift */ = {isa = PBXFileReference; lastKnownFileType = sourcecode.swift; path = "Item+CoreDataProperties.swift"; sourceTree = "<group>"; };
		5595780326D914AF0040A754 /* Memocho.app */ = {isa = PBXFileReference; explicitFileType = wrapper.application; includeInIndex = 0; path = Memocho.app; sourceTree = BUILT_PRODUCTS_DIR; };
		5595780626D914AF0040A754 /* MemochoApp.swift */ = {isa = PBXFileReference; lastKnownFileType = sourcecode.swift; path = MemochoApp.swift; sourceTree = "<group>"; };
		5595780826D914AF0040A754 /* ContentView.swift */ = {isa = PBXFileReference; lastKnownFileType = sourcecode.swift; path = ContentView.swift; sourceTree = "<group>"; };
		5595780A26D914B00040A754 /* Assets.xcassets */ = {isa = PBXFileReference; lastKnownFileType = folder.assetcatalog; path = Assets.xcassets; sourceTree = "<group>"; };
		5595780D26D914B00040A754 /* Preview Assets.xcassets */ = {isa = PBXFileReference; lastKnownFileType = folder.assetcatalog; path = "Preview Assets.xcassets"; sourceTree = "<group>"; };
		5595780F26D914B00040A754 /* Info.plist */ = {isa = PBXFileReference; lastKnownFileType = text.plist.xml; path = Info.plist; sourceTree = "<group>"; };
		5595781426D914B00040A754 /* MemochoTests.xctest */ = {isa = PBXFileReference; explicitFileType = wrapper.cfbundle; includeInIndex = 0; path = MemochoTests.xctest; sourceTree = BUILT_PRODUCTS_DIR; };
		5595781826D914B00040A754 /* MemochoTests.swift */ = {isa = PBXFileReference; lastKnownFileType = sourcecode.swift; path = MemochoTests.swift; sourceTree = "<group>"; };
		5595781A26D914B00040A754 /* Info.plist */ = {isa = PBXFileReference; lastKnownFileType = text.plist.xml; path = Info.plist; sourceTree = "<group>"; };
		5595781F26D914B00040A754 /* MemochoUITests.xctest */ = {isa = PBXFileReference; explicitFileType = wrapper.cfbundle; includeInIndex = 0; path = MemochoUITests.xctest; sourceTree = BUILT_PRODUCTS_DIR; };
		5595782326D914B00040A754 /* MemochoUITests.swift */ = {isa = PBXFileReference; lastKnownFileType = sourcecode.swift; path = MemochoUITests.swift; sourceTree = "<group>"; };
		5595782526D914B00040A754 /* Info.plist */ = {isa = PBXFileReference; lastKnownFileType = text.plist.xml; path = Info.plist; sourceTree = "<group>"; };
		5595783426D917E50040A754 /* MemoDetailView.swift */ = {isa = PBXFileReference; lastKnownFileType = sourcecode.swift; path = MemoDetailView.swift; sourceTree = "<group>"; };
/* End PBXFileReference section */

/* Begin PBXFrameworksBuildPhase section */
		5595780026D914AF0040A754 /* Frameworks */ = {
			isa = PBXFrameworksBuildPhase;
			buildActionMask = 2147483647;
			files = (
				555E322526F88971004DB721 /* PartialSheet in Frameworks */,
			);
			runOnlyForDeploymentPostprocessing = 0;
		};
		5595781126D914B00040A754 /* Frameworks */ = {
			isa = PBXFrameworksBuildPhase;
			buildActionMask = 2147483647;
			files = (
			);
			runOnlyForDeploymentPostprocessing = 0;
		};
		5595781C26D914B00040A754 /* Frameworks */ = {
			isa = PBXFrameworksBuildPhase;
			buildActionMask = 2147483647;
			files = (
			);
			runOnlyForDeploymentPostprocessing = 0;
		};
/* End PBXFrameworksBuildPhase section */

/* Begin PBXGroup section */
		559577FA26D914AF0040A754 = {
			isa = PBXGroup;
			children = (
				55876B2126F175010060D335 /* Item+CoreDataClass.swift */,
				55876B2226F175010060D335 /* Item+CoreDataProperties.swift */,
				5595780526D914AF0040A754 /* Memocho */,
				5595781726D914B00040A754 /* MemochoTests */,
				5595782226D914B00040A754 /* MemochoUITests */,
				5595780426D914AF0040A754 /* Products */,
			);
			sourceTree = "<group>";
		};
		5595780426D914AF0040A754 /* Products */ = {
			isa = PBXGroup;
			children = (
				5595780326D914AF0040A754 /* Memocho.app */,
				5595781426D914B00040A754 /* MemochoTests.xctest */,
				5595781F26D914B00040A754 /* MemochoUITests.xctest */,
			);
			name = Products;
			sourceTree = "<group>";
		};
		5595780526D914AF0040A754 /* Memocho */ = {
			isa = PBXGroup;
			children = (
				5595780626D914AF0040A754 /* MemochoApp.swift */,
				5595780826D914AF0040A754 /* ContentView.swift */,
				55876B0C26F01B1E0060D335 /* SubView.swift */,
				554E5A4B26F41C32005D6701 /* TopSettingView.swift */,
				5595783426D917E50040A754 /* MemoDetailView.swift */,
				55876B0726ED8A560060D335 /* Persistence.swift */,
				557D9E6426DFAE7400E34800 /* Memocho.xcdatamodeld */,
				5595780A26D914B00040A754 /* Assets.xcassets */,
				5595780F26D914B00040A754 /* Info.plist */,
				5595780C26D914B00040A754 /* Preview Content */,
			);
			path = Memocho;
			sourceTree = "<group>";
		};
		5595780C26D914B00040A754 /* Preview Content */ = {
			isa = PBXGroup;
			children = (
				5595780D26D914B00040A754 /* Preview Assets.xcassets */,
			);
			path = "Preview Content";
			sourceTree = "<group>";
		};
		5595781726D914B00040A754 /* MemochoTests */ = {
			isa = PBXGroup;
			children = (
				5595781826D914B00040A754 /* MemochoTests.swift */,
				5595781A26D914B00040A754 /* Info.plist */,
			);
			path = MemochoTests;
			sourceTree = "<group>";
		};
		5595782226D914B00040A754 /* MemochoUITests */ = {
			isa = PBXGroup;
			children = (
				5595782326D914B00040A754 /* MemochoUITests.swift */,
				5595782526D914B00040A754 /* Info.plist */,
			);
			path = MemochoUITests;
			sourceTree = "<group>";
		};
/* End PBXGroup section */

/* Begin PBXNativeTarget section */
		5595780226D914AF0040A754 /* Memocho */ = {
			isa = PBXNativeTarget;
			buildConfigurationList = 5595782826D914B00040A754 /* Build configuration list for PBXNativeTarget "Memocho" */;
			buildPhases = (
				559577FF26D914AF0040A754 /* Sources */,
				5595780026D914AF0040A754 /* Frameworks */,
				5595780126D914AF0040A754 /* Resources */,
			);
			buildRules = (
			);
			dependencies = (
			);
			name = Memocho;
			packageProductDependencies = (
				555E322426F88971004DB721 /* PartialSheet */,
			);
			productName = Memocho;
			productReference = 5595780326D914AF0040A754 /* Memocho.app */;
			productType = "com.apple.product-type.application";
		};
		5595781326D914B00040A754 /* MemochoTests */ = {
			isa = PBXNativeTarget;
			buildConfigurationList = 5595782B26D914B00040A754 /* Build configuration list for PBXNativeTarget "MemochoTests" */;
			buildPhases = (
				5595781026D914B00040A754 /* Sources */,
				5595781126D914B00040A754 /* Frameworks */,
				5595781226D914B00040A754 /* Resources */,
			);
			buildRules = (
			);
			dependencies = (
				5595781626D914B00040A754 /* PBXTargetDependency */,
			);
			name = MemochoTests;
			productName = MemochoTests;
			productReference = 5595781426D914B00040A754 /* MemochoTests.xctest */;
			productType = "com.apple.product-type.bundle.unit-test";
		};
		5595781E26D914B00040A754 /* MemochoUITests */ = {
			isa = PBXNativeTarget;
			buildConfigurationList = 5595782E26D914B00040A754 /* Build configuration list for PBXNativeTarget "MemochoUITests" */;
			buildPhases = (
				5595781B26D914B00040A754 /* Sources */,
				5595781C26D914B00040A754 /* Frameworks */,
				5595781D26D914B00040A754 /* Resources */,
			);
			buildRules = (
			);
			dependencies = (
				5595782126D914B00040A754 /* PBXTargetDependency */,
			);
			name = MemochoUITests;
			productName = MemochoUITests;
			productReference = 5595781F26D914B00040A754 /* MemochoUITests.xctest */;
			productType = "com.apple.product-type.bundle.ui-testing";
		};
/* End PBXNativeTarget section */

/* Begin PBXProject section */
		559577FB26D914AF0040A754 /* Project object */ = {
			isa = PBXProject;
			attributes = {
				LastSwiftUpdateCheck = 1230;
				LastUpgradeCheck = 1230;
				TargetAttributes = {
					5595780226D914AF0040A754 = {
						CreatedOnToolsVersion = 12.3;
					};
					5595781326D914B00040A754 = {
						CreatedOnToolsVersion = 12.3;
						TestTargetID = 5595780226D914AF0040A754;
					};
					5595781E26D914B00040A754 = {
						CreatedOnToolsVersion = 12.3;
						TestTargetID = 5595780226D914AF0040A754;
					};
				};
			};
			buildConfigurationList = 559577FE26D914AF0040A754 /* Build configuration list for PBXProject "Memocho" */;
			compatibilityVersion = "Xcode 9.3";
			developmentRegion = en;
			hasScannedForEncodings = 0;
			knownRegions = (
				en,
				Base,
			);
			mainGroup = 559577FA26D914AF0040A754;
			packageReferences = (
				555E322326F88971004DB721 /* XCRemoteSwiftPackageReference "PartialSheet" */,
			);
			productRefGroup = 5595780426D914AF0040A754 /* Products */;
			projectDirPath = "";
			projectRoot = "";
			targets = (
				5595780226D914AF0040A754 /* Memocho */,
				5595781326D914B00040A754 /* MemochoTests */,
				5595781E26D914B00040A754 /* MemochoUITests */,
			);
		};
/* End PBXProject section */

/* Begin PBXResourcesBuildPhase section */
		5595780126D914AF0040A754 /* Resources */ = {
			isa = PBXResourcesBuildPhase;
			buildActionMask = 2147483647;
			files = (
				5595780E26D914B00040A754 /* Preview Assets.xcassets in Resources */,
				5595780B26D914B00040A754 /* Assets.xcassets in Resources */,
			);
			runOnlyForDeploymentPostprocessing = 0;
		};
		5595781226D914B00040A754 /* Resources */ = {
			isa = PBXResourcesBuildPhase;
			buildActionMask = 2147483647;
			files = (
			);
			runOnlyForDeploymentPostprocessing = 0;
		};
		5595781D26D914B00040A754 /* Resources */ = {
			isa = PBXResourcesBuildPhase;
			buildActionMask = 2147483647;
			files = (
			);
			runOnlyForDeploymentPostprocessing = 0;
		};
/* End PBXResourcesBuildPhase section */

/* Begin PBXSourcesBuildPhase section */
		559577FF26D914AF0040A754 /* Sources */ = {
			isa = PBXSourcesBuildPhase;
			buildActionMask = 2147483647;
			files = (
				557D9E6626DFAE7400E34800 /* Memocho.xcdatamodeld in Sources */,
				5595783526D917E50040A754 /* MemoDetailView.swift in Sources */,
				55876B2426F175010060D335 /* Item+CoreDataProperties.swift in Sources */,
				5595780926D914AF0040A754 /* ContentView.swift in Sources */,
				55876B0D26F01B1E0060D335 /* SubView.swift in Sources */,
				5595780726D914AF0040A754 /* MemochoApp.swift in Sources */,
				55876B0826ED8A560060D335 /* Persistence.swift in Sources */,
				55876B2326F175010060D335 /* Item+CoreDataClass.swift in Sources */,
				554E5A4C26F41C32005D6701 /* TopSettingView.swift in Sources */,
			);
			runOnlyForDeploymentPostprocessing = 0;
		};
		5595781026D914B00040A754 /* Sources */ = {
			isa = PBXSourcesBuildPhase;
			buildActionMask = 2147483647;
			files = (
				5595781926D914B00040A754 /* MemochoTests.swift in Sources */,
			);
			runOnlyForDeploymentPostprocessing = 0;
		};
		5595781B26D914B00040A754 /* Sources */ = {
			isa = PBXSourcesBuildPhase;
			buildActionMask = 2147483647;
			files = (
				5595782426D914B00040A754 /* MemochoUITests.swift in Sources */,
			);
			runOnlyForDeploymentPostprocessing = 0;
		};
/* End PBXSourcesBuildPhase section */

/* Begin PBXTargetDependency section */
		5595781626D914B00040A754 /* PBXTargetDependency */ = {
			isa = PBXTargetDependency;
			target = 5595780226D914AF0040A754 /* Memocho */;
			targetProxy = 5595781526D914B00040A754 /* PBXContainerItemProxy */;
		};
		5595782126D914B00040A754 /* PBXTargetDependency */ = {
			isa = PBXTargetDependency;
			target = 5595780226D914AF0040A754 /* Memocho */;
			targetProxy = 5595782026D914B00040A754 /* PBXContainerItemProxy */;
		};
/* End PBXTargetDependency section */

/* Begin XCBuildConfiguration section */
		5595782626D914B00040A754 /* Debug */ = {
			isa = XCBuildConfiguration;
			buildSettings = {
				ALWAYS_SEARCH_USER_PATHS = NO;
				CLANG_ANALYZER_NONNULL = YES;
				CLANG_ANALYZER_NUMBER_OBJECT_CONVERSION = YES_AGGRESSIVE;
				CLANG_CXX_LANGUAGE_STANDARD = "gnu++14";
				CLANG_CXX_LIBRARY = "libc++";
				CLANG_ENABLE_MODULES = YES;
				CLANG_ENABLE_OBJC_ARC = YES;
				CLANG_ENABLE_OBJC_WEAK = YES;
				CLANG_WARN_BLOCK_CAPTURE_AUTORELEASING = YES;
				CLANG_WARN_BOOL_CONVERSION = YES;
				CLANG_WARN_COMMA = YES;
				CLANG_WARN_CONSTANT_CONVERSION = YES;
				CLANG_WARN_DEPRECATED_OBJC_IMPLEMENTATIONS = YES;
				CLANG_WARN_DIRECT_OBJC_ISA_USAGE = YES_ERROR;
				CLANG_WARN_DOCUMENTATION_COMMENTS = YES;
				CLANG_WARN_EMPTY_BODY = YES;
				CLANG_WARN_ENUM_CONVERSION = YES;
				CLANG_WARN_INFINITE_RECURSION = YES;
				CLANG_WARN_INT_CONVERSION = YES;
				CLANG_WARN_NON_LITERAL_NULL_CONVERSION = YES;
				CLANG_WARN_OBJC_IMPLICIT_RETAIN_SELF = YES;
				CLANG_WARN_OBJC_LITERAL_CONVERSION = YES;
				CLANG_WARN_OBJC_ROOT_CLASS = YES_ERROR;
				CLANG_WARN_QUOTED_INCLUDE_IN_FRAMEWORK_HEADER = YES;
				CLANG_WARN_RANGE_LOOP_ANALYSIS = YES;
				CLANG_WARN_STRICT_PROTOTYPES = YES;
				CLANG_WARN_SUSPICIOUS_MOVE = YES;
				CLANG_WARN_UNGUARDED_AVAILABILITY = YES_AGGRESSIVE;
				CLANG_WARN_UNREACHABLE_CODE = YES;
				CLANG_WARN__DUPLICATE_METHOD_MATCH = YES;
				COPY_PHASE_STRIP = NO;
				DEBUG_INFORMATION_FORMAT = dwarf;
				ENABLE_STRICT_OBJC_MSGSEND = YES;
				ENABLE_TESTABILITY = YES;
				GCC_C_LANGUAGE_STANDARD = gnu11;
				GCC_DYNAMIC_NO_PIC = NO;
				GCC_NO_COMMON_BLOCKS = YES;
				GCC_OPTIMIZATION_LEVEL = 0;
				GCC_PREPROCESSOR_DEFINITIONS = (
					"DEBUG=1",
					"$(inherited)",
				);
				GCC_WARN_64_TO_32_BIT_CONVERSION = YES;
				GCC_WARN_ABOUT_RETURN_TYPE = YES_ERROR;
				GCC_WARN_UNDECLARED_SELECTOR = YES;
				GCC_WARN_UNINITIALIZED_AUTOS = YES_AGGRESSIVE;
				GCC_WARN_UNUSED_FUNCTION = YES;
				GCC_WARN_UNUSED_VARIABLE = YES;
				IPHONEOS_DEPLOYMENT_TARGET = 14.3;
				MTL_ENABLE_DEBUG_INFO = INCLUDE_SOURCE;
				MTL_FAST_MATH = YES;
				ONLY_ACTIVE_ARCH = YES;
				SDKROOT = iphoneos;
				SWIFT_ACTIVE_COMPILATION_CONDITIONS = DEBUG;
				SWIFT_OPTIMIZATION_LEVEL = "-Onone";
			};
			name = Debug;
		};
		5595782726D914B00040A754 /* Release */ = {
			isa = XCBuildConfiguration;
			buildSettings = {
				ALWAYS_SEARCH_USER_PATHS = NO;
				CLANG_ANALYZER_NONNULL = YES;
				CLANG_ANALYZER_NUMBER_OBJECT_CONVERSION = YES_AGGRESSIVE;
				CLANG_CXX_LANGUAGE_STANDARD = "gnu++14";
				CLANG_CXX_LIBRARY = "libc++";
				CLANG_ENABLE_MODULES = YES;
				CLANG_ENABLE_OBJC_ARC = YES;
				CLANG_ENABLE_OBJC_WEAK = YES;
				CLANG_WARN_BLOCK_CAPTURE_AUTORELEASING = YES;
				CLANG_WARN_BOOL_CONVERSION = YES;
				CLANG_WARN_COMMA = YES;
				CLANG_WARN_CONSTANT_CONVERSION = YES;
				CLANG_WARN_DEPRECATED_OBJC_IMPLEMENTATIONS = YES;
				CLANG_WARN_DIRECT_OBJC_ISA_USAGE = YES_ERROR;
				CLANG_WARN_DOCUMENTATION_COMMENTS = YES;
				CLANG_WARN_EMPTY_BODY = YES;
				CLANG_WARN_ENUM_CONVERSION = YES;
				CLANG_WARN_INFINITE_RECURSION = YES;
				CLANG_WARN_INT_CONVERSION = YES;
				CLANG_WARN_NON_LITERAL_NULL_CONVERSION = YES;
				CLANG_WARN_OBJC_IMPLICIT_RETAIN_SELF = YES;
				CLANG_WARN_OBJC_LITERAL_CONVERSION = YES;
				CLANG_WARN_OBJC_ROOT_CLASS = YES_ERROR;
				CLANG_WARN_QUOTED_INCLUDE_IN_FRAMEWORK_HEADER = YES;
				CLANG_WARN_RANGE_LOOP_ANALYSIS = YES;
				CLANG_WARN_STRICT_PROTOTYPES = YES;
				CLANG_WARN_SUSPICIOUS_MOVE = YES;
				CLANG_WARN_UNGUARDED_AVAILABILITY = YES_AGGRESSIVE;
				CLANG_WARN_UNREACHABLE_CODE = YES;
				CLANG_WARN__DUPLICATE_METHOD_MATCH = YES;
				COPY_PHASE_STRIP = NO;
				DEBUG_INFORMATION_FORMAT = "dwarf-with-dsym";
				ENABLE_NS_ASSERTIONS = NO;
				ENABLE_STRICT_OBJC_MSGSEND = YES;
				GCC_C_LANGUAGE_STANDARD = gnu11;
				GCC_NO_COMMON_BLOCKS = YES;
				GCC_WARN_64_TO_32_BIT_CONVERSION = YES;
				GCC_WARN_ABOUT_RETURN_TYPE = YES_ERROR;
				GCC_WARN_UNDECLARED_SELECTOR = YES;
				GCC_WARN_UNINITIALIZED_AUTOS = YES_AGGRESSIVE;
				GCC_WARN_UNUSED_FUNCTION = YES;
				GCC_WARN_UNUSED_VARIABLE = YES;
				IPHONEOS_DEPLOYMENT_TARGET = 14.3;
				MTL_ENABLE_DEBUG_INFO = NO;
				MTL_FAST_MATH = YES;
				SDKROOT = iphoneos;
				SWIFT_COMPILATION_MODE = wholemodule;
				SWIFT_OPTIMIZATION_LEVEL = "-O";
				VALIDATE_PRODUCT = YES;
			};
			name = Release;
		};
		5595782926D914B00040A754 /* Debug */ = {
			isa = XCBuildConfiguration;
			buildSettings = {
				ASSETCATALOG_COMPILER_APPICON_NAME = AppIcon;
				ASSETCATALOG_COMPILER_GLOBAL_ACCENT_COLOR_NAME = AccentColor;
				CODE_SIGN_STYLE = Automatic;
				DEVELOPMENT_ASSET_PATHS = "\"Memocho/Preview Content\"";
				DEVELOPMENT_TEAM = AL4XSQ5LX8;
				ENABLE_PREVIEWS = YES;
				INFOPLIST_FILE = Memocho/Info.plist;
				IPHONEOS_DEPLOYMENT_TARGET = 14.0;
				LD_RUNPATH_SEARCH_PATHS = (
					"$(inherited)",
					"@executable_path/Frameworks",
				);
				PRODUCT_BUNDLE_IDENTIFIER = com.khhk.Memocho;
				PRODUCT_NAME = "$(TARGET_NAME)";
				SWIFT_VERSION = 5.0;
				TARGETED_DEVICE_FAMILY = "1,2";
			};
			name = Debug;
		};
		5595782A26D914B00040A754 /* Release */ = {
			isa = XCBuildConfiguration;
			buildSettings = {
				ASSETCATALOG_COMPILER_APPICON_NAME = AppIcon;
				ASSETCATALOG_COMPILER_GLOBAL_ACCENT_COLOR_NAME = AccentColor;
				CODE_SIGN_STYLE = Automatic;
				DEVELOPMENT_ASSET_PATHS = "\"Memocho/Preview Content\"";
				DEVELOPMENT_TEAM = AL4XSQ5LX8;
				ENABLE_PREVIEWS = YES;
				INFOPLIST_FILE = Memocho/Info.plist;
				IPHONEOS_DEPLOYMENT_TARGET = 14.0;
				LD_RUNPATH_SEARCH_PATHS = (
					"$(inherited)",
					"@executable_path/Frameworks",
				);
				PRODUCT_BUNDLE_IDENTIFIER = com.khhk.Memocho;
				PRODUCT_NAME = "$(TARGET_NAME)";
				SWIFT_VERSION = 5.0;
				TARGETED_DEVICE_FAMILY = "1,2";
			};
			name = Release;
		};
		5595782C26D914B00040A754 /* Debug */ = {
			isa = XCBuildConfiguration;
			buildSettings = {
				ALWAYS_EMBED_SWIFT_STANDARD_LIBRARIES = YES;
				BUNDLE_LOADER = "$(TEST_HOST)";
				CODE_SIGN_STYLE = Automatic;
				DEVELOPMENT_TEAM = AL4XSQ5LX8;
				INFOPLIST_FILE = MemochoTests/Info.plist;
				IPHONEOS_DEPLOYMENT_TARGET = 14.0;
				LD_RUNPATH_SEARCH_PATHS = (
					"$(inherited)",
					"@executable_path/Frameworks",
					"@loader_path/Frameworks",
				);
				PRODUCT_BUNDLE_IDENTIFIER = com.khhk.MemochoTests;
				PRODUCT_NAME = "$(TARGET_NAME)";
				SWIFT_VERSION = 5.0;
				TARGETED_DEVICE_FAMILY = "1,2";
				TEST_HOST = "$(BUILT_PRODUCTS_DIR)/Memocho.app/Memocho";
			};
			name = Debug;
		};
		5595782D26D914B00040A754 /* Release */ = {
			isa = XCBuildConfiguration;
			buildSettings = {
				ALWAYS_EMBED_SWIFT_STANDARD_LIBRARIES = YES;
				BUNDLE_LOADER = "$(TEST_HOST)";
				CODE_SIGN_STYLE = Automatic;
				DEVELOPMENT_TEAM = AL4XSQ5LX8;
				INFOPLIST_FILE = MemochoTests/Info.plist;
				IPHONEOS_DEPLOYMENT_TARGET = 14.0;
				LD_RUNPATH_SEARCH_PATHS = (
					"$(inherited)",
					"@executable_path/Frameworks",
					"@loader_path/Frameworks",
				);
				PRODUCT_BUNDLE_IDENTIFIER = com.khhk.MemochoTests;
				PRODUCT_NAME = "$(TARGET_NAME)";
				SWIFT_VERSION = 5.0;
				TARGETED_DEVICE_FAMILY = "1,2";
				TEST_HOST = "$(BUILT_PRODUCTS_DIR)/Memocho.app/Memocho";
			};
			name = Release;
		};
		5595782F26D914B00040A754 /* Debug */ = {
			isa = XCBuildConfiguration;
			buildSettings = {
				ALWAYS_EMBED_SWIFT_STANDARD_LIBRARIES = YES;
				CODE_SIGN_STYLE = Automatic;
				DEVELOPMENT_TEAM = AL4XSQ5LX8;
				INFOPLIST_FILE = MemochoUITests/Info.plist;
				LD_RUNPATH_SEARCH_PATHS = (
					"$(inherited)",
					"@executable_path/Frameworks",
					"@loader_path/Frameworks",
				);
				PRODUCT_BUNDLE_IDENTIFIER = com.khhk.MemochoUITests;
				PRODUCT_NAME = "$(TARGET_NAME)";
				SWIFT_VERSION = 5.0;
				TARGETED_DEVICE_FAMILY = "1,2";
				TEST_TARGET_NAME = Memocho;
			};
			name = Debug;
		};
		5595783026D914B00040A754 /* Release */ = {
			isa = XCBuildConfiguration;
			buildSettings = {
				ALWAYS_EMBED_SWIFT_STANDARD_LIBRARIES = YES;
				CODE_SIGN_STYLE = Automatic;
				DEVELOPMENT_TEAM = AL4XSQ5LX8;
				INFOPLIST_FILE = MemochoUITests/Info.plist;
				LD_RUNPATH_SEARCH_PATHS = (
					"$(inherited)",
					"@executable_path/Frameworks",
					"@loader_path/Frameworks",
				);
				PRODUCT_BUNDLE_IDENTIFIER = com.khhk.MemochoUITests;
				PRODUCT_NAME = "$(TARGET_NAME)";
				SWIFT_VERSION = 5.0;
				TARGETED_DEVICE_FAMILY = "1,2";
				TEST_TARGET_NAME = Memocho;
			};
			name = Release;
		};
/* End XCBuildConfiguration section */

/* Begin XCConfigurationList section */
		559577FE26D914AF0040A754 /* Build configuration list for PBXProject "Memocho" */ = {
			isa = XCConfigurationList;
			buildConfigurations = (
				5595782626D914B00040A754 /* Debug */,
				5595782726D914B00040A754 /* Release */,
			);
			defaultConfigurationIsVisible = 0;
			defaultConfigurationName = Release;
		};
		5595782826D914B00040A754 /* Build configuration list for PBXNativeTarget "Memocho" */ = {
			isa = XCConfigurationList;
			buildConfigurations = (
				5595782926D914B00040A754 /* Debug */,
				5595782A26D914B00040A754 /* Release */,
			);
			defaultConfigurationIsVisible = 0;
			defaultConfigurationName = Release;
		};
		5595782B26D914B00040A754 /* Build configuration list for PBXNativeTarget "MemochoTests" */ = {
			isa = XCConfigurationList;
			buildConfigurations = (
				5595782C26D914B00040A754 /* Debug */,
				5595782D26D914B00040A754 /* Release */,
			);
			defaultConfigurationIsVisible = 0;
			defaultConfigurationName = Release;
		};
		5595782E26D914B00040A754 /* Build configuration list for PBXNativeTarget "MemochoUITests" */ = {
			isa = XCConfigurationList;
			buildConfigurations = (
				5595782F26D914B00040A754 /* Debug */,
				5595783026D914B00040A754 /* Release */,
			);
			defaultConfigurationIsVisible = 0;
			defaultConfigurationName = Release;
		};
/* End XCConfigurationList section */

/* Begin XCRemoteSwiftPackageReference section */
		555E322326F88971004DB721 /* XCRemoteSwiftPackageReference "PartialSheet" */ = {
			isa = XCRemoteSwiftPackageReference;
			repositoryURL = "https://github.com/AndreaMiotto/PartialSheet.git";
			requirement = {
				kind = upToNextMajorVersion;
				minimumVersion = 2.1.13;
			};
		};
/* End XCRemoteSwiftPackageReference section */

/* Begin XCSwiftPackageProductDependency section */
		555E322426F88971004DB721 /* PartialSheet */ = {
			isa = XCSwiftPackageProductDependency;
			package = 555E322326F88971004DB721 /* XCRemoteSwiftPackageReference "PartialSheet" */;
			productName = PartialSheet;
		};
/* End XCSwiftPackageProductDependency section */

/* Begin XCVersionGroup section */
		557D9E6426DFAE7400E34800 /* Memocho.xcdatamodeld */ = {
			isa = XCVersionGroup;
			children = (
				557D9E6526DFAE7400E34800 /* Memocho.xcdatamodel */,
			);
			currentVersion = 557D9E6526DFAE7400E34800 /* Memocho.xcdatamodel */;
			path = Memocho.xcdatamodeld;
			sourceTree = "<group>";
			versionGroupType = wrapper.xcdatamodel;
		};
/* End XCVersionGroup section */
	};
	rootObject = 559577FB26D914AF0040A754 /* Project object */;
}
